
Microsoft Visual Studio Solution File, Format Version 12.00
# Visual Studio Version 16
VisualStudioVersion = 16.0.30011.22
MinimumVisualStudioVersion = 10.0.40219.1
Project("{9A19103F-16F7-4668-BE54-9A1E7A4F7556}") = "TestIDecisionGames", "TestIDecisionGames\TestIDecisionGames.csproj", "{2894E147-F509-4F7E-A565-7B4EC160475C}"
EndProject
Project("{FAE04EC0-301F-11D3-BF4B-00C04F79EFBC}") = "UnitTests", "UnitTests\UnitTests.csproj", "{17BBB175-6822-4F5F-BE11-8343E28FAEC8}"
	ProjectSection(ProjectDependencies) = postProject
		{2894E147-F509-4F7E-A565-7B4EC160475C} = {2894E147-F509-4F7E-A565-7B4EC160475C}
	EndProjectSection
EndProject
Global
	GlobalSection(SolutionConfigurationPlatforms) = preSolution
		Debug|Any CPU = Debug|Any CPU
		Release|Any CPU = Release|Any CPU
	EndGlobalSection
	GlobalSection(ProjectConfigurationPlatforms) = postSolution
		{2894E147-F509-4F7E-A565-7B4EC160475C}.Debug|Any CPU.ActiveCfg = Debug|Any CPU
		{2894E147-F509-4F7E-A565-7B4EC160475C}.Debug|Any CPU.Build.0 = Debug|Any CPU
		{2894E147-F509-4F7E-A565-7B4EC160475C}.Release|Any CPU.ActiveCfg = Release|Any CPU
		{2894E147-F509-4F7E-A565-7B4EC160475C}.Release|Any CPU.Build.0 = Release|Any CPU
		{17BBB175-6822-4F5F-BE11-8343E28FAEC8}.Debug|Any CPU.ActiveCfg = Debug|Any CPU
		{17BBB175-6822-4F5F-BE11-8343E28FAEC8}.Debug|Any CPU.Build.0 = Debug|Any CPU
		{17BBB175-6822-4F5F-BE11-8343E28FAEC8}.Release|Any CPU.ActiveCfg = Release|Any CPU
		{17BBB175-6822-4F5F-BE11-8343E28FAEC8}.Release|Any CPU.Build.0 = Release|Any CPU
	EndGlobalSection
	GlobalSection(SolutionProperties) = preSolution
		HideSolutionNode = FALSE
	EndGlobalSection
	GlobalSection(ExtensibilityGlobals) = postSolution
		SolutionGuid = {F0788449-17F6-46C8-80EE-32C81B0D60BD}
	EndGlobalSection
EndGlobal
